{
  "name": "miniprogram-ts-less-quickstart",
  "version": "1.0.0",
  "lockfileVersion": 2,
  "requires": true,
  "packages": {
    "": {
      "name": "miniprogram-ts-less-quickstart",
      "version": "1.0.0",
      "dependencies": {
        "@types/wechat-miniprogram": "^3.4.3"
      },
      "devDependencies": {
        "miniprogram-api-typings": "^3.12.0",
        "typescript": "^5.2.2"
      }
    },
    "node_modules/@types/wechat-miniprogram": {
      "version": "3.4.3",
      "resolved": "https://registry.npmjs.org/@types/wechat-miniprogram/-/wechat-miniprogram-3.4.3.tgz",
      "integrity": "sha512-u6uhAjJxUdMX4aEu3EgDWVhYsNLEhfbJUC7qQOoYE5pDGm+Y+6mtG78CtXeH1aYHuQMHIKa0twzg/1OeBpKOTA=="
    },
    "node_modules/miniprogram-api-typings": {
      "version": "3.12.0",
      "resolved": "https://registry.npmjs.org/miniprogram-api-typings/-/miniprogram-api-typings-3.12.0.tgz",
      "integrity": "sha512-tE0zjq+3bFEgUROzCjXTdtLY+FmqiTX4kZWXc8bCC7M9wSHCriBz+ga1E2i1PcI+DQJoz2cyK8Cv2exJv6XEzA==",
      "dev": true
    },
    "node_modules/typescript": {
      "version": "5.2.2",
      "resolved": "https://registry.npmjs.org/typescript/-/typescript-5.2.2.tgz",
      "integrity": "sha512-mI4WrpHsbCIcwT9cF4FZvr80QUeKvsUsUvKDoR+X/7XHQH98xYD8YHZg7ANtz2GtZt/CBq2QJ0thkGJMHfqc1w==",
      "dev": true,
      "bin": {
        "tsc": "bin/tsc",
        "tsserver": "bin/tsserver"
      },
      "engines": {
        "node": ">=14.17"
      }
    }
  },
  "dependencies": {
    "@types/wechat-miniprogram": {
      "version": "3.4.3",
      "resolved": "https://registry.npmjs.org/@types/wechat-miniprogram/-/wechat-miniprogram-3.4.3.tgz",
      "integrity": "sha512-u6uhAjJxUdMX4aEu3EgDWVhYsNLEhfbJUC7qQOoYE5pDGm+Y+6mtG78CtXeH1aYHuQMHIKa0twzg/1OeBpKOTA=="
    },
    "miniprogram-api-typings": {
      "version": "3.12.0",
      "resolved": "https://registry.npmjs.org/miniprogram-api-typings/-/miniprogram-api-typings-3.12.0.tgz",
      "integrity": "sha512-tE0zjq+3bFEgUROzCjXTdtLY+FmqiTX4kZWXc8bCC7M9wSHCriBz+ga1E2i1PcI+DQJoz2cyK8Cv2exJv6XEzA==",
      "dev": true
    },
    "typescript": {
      "version": "5.2.2",
      "resolved": "https://registry.npmjs.org/typescript/-/typescript-5.2.2.tgz",
      "integrity": "sha512-mI4WrpHsbCIcwT9cF4FZvr80QUeKvsUsUvKDoR+X/7XHQH98xYD8YHZg7ANtz2GtZt/CBq2QJ0thkGJMHfqc1w==",
      "dev": true
    }
  }
}
